
Microsoft Visual Studio Solution File, Format Version 12.00
# Visual Studio 15
VisualStudioVersion = 15.0.28307.271
MinimumVisualStudioVersion = 10.0.40219.1
Project("{FAE04EC0-301F-11D3-BF4B-00C04F79EFBC}") = "RegistroCartas", "RegistroCartas\RegistroCartas.csproj", "{6039361B-B632-47D4-9B1E-7012022215BF}"
EndProject
Project("{FAE04EC0-301F-11D3-BF4B-00C04F79EFBC}") = "RegistroCartas.Tests", "RegistroCartas.Tests\RegistroCartas.Tests.csproj", "{693C5FCB-209B-45DF-AB13-9AE99985A09C}"
EndProject
Project("{FAE04EC0-301F-11D3-BF4B-00C04F79EFBC}") = "BLL", "BLL\BLL.csproj", "{070F9E22-945B-4552-856F-2BA24E15EB8B}"
EndProject
Project("{FAE04EC0-301F-11D3-BF4B-00C04F79EFBC}") = "DAL", "DAL\DAL.csproj", "{7FD58958-8020-4AB2-88A0-073414282FC0}"
EndProject
Project("{FAE04EC0-301F-11D3-BF4B-00C04F79EFBC}") = "Entities", "Entities\Entities.csproj", "{7D5B187B-E04F-4E0A-8E9C-C1FA5FFDD8A6}"
EndProject
Global
	GlobalSection(SolutionConfigurationPlatforms) = preSolution
		Debug|Any CPU = Debug|Any CPU
		Release|Any CPU = Release|Any CPU
	EndGlobalSection
	GlobalSection(ProjectConfigurationPlatforms) = postSolution
		{6039361B-B632-47D4-9B1E-7012022215BF}.Debug|Any CPU.ActiveCfg = Debug|Any CPU
		{6039361B-B632-47D4-9B1E-7012022215BF}.Debug|Any CPU.Build.0 = Debug|Any CPU
		{6039361B-B632-47D4-9B1E-7012022215BF}.Release|Any CPU.ActiveCfg = Release|Any CPU
		{6039361B-B632-47D4-9B1E-7012022215BF}.Release|Any CPU.Build.0 = Release|Any CPU
		{693C5FCB-209B-45DF-AB13-9AE99985A09C}.Debug|Any CPU.ActiveCfg = Debug|Any CPU
		{693C5FCB-209B-45DF-AB13-9AE99985A09C}.Debug|Any CPU.Build.0 = Debug|Any CPU
		{693C5FCB-209B-45DF-AB13-9AE99985A09C}.Release|Any CPU.ActiveCfg = Release|Any CPU
		{693C5FCB-209B-45DF-AB13-9AE99985A09C}.Release|Any CPU.Build.0 = Release|Any CPU
		{070F9E22-945B-4552-856F-2BA24E15EB8B}.Debug|Any CPU.ActiveCfg = Debug|Any CPU
		{070F9E22-945B-4552-856F-2BA24E15EB8B}.Debug|Any CPU.Build.0 = Debug|Any CPU
		{070F9E22-945B-4552-856F-2BA24E15EB8B}.Release|Any CPU.ActiveCfg = Release|Any CPU
		{070F9E22-945B-4552-856F-2BA24E15EB8B}.Release|Any CPU.Build.0 = Release|Any CPU
		{7FD58958-8020-4AB2-88A0-073414282FC0}.Debug|Any CPU.ActiveCfg = Debug|Any CPU
		{7FD58958-8020-4AB2-88A0-073414282FC0}.Debug|Any CPU.Build.0 = Debug|Any CPU
		{7FD58958-8020-4AB2-88A0-073414282FC0}.Release|Any CPU.ActiveCfg = Release|Any CPU
		{7FD58958-8020-4AB2-88A0-073414282FC0}.Release|Any CPU.Build.0 = Release|Any CPU
		{7D5B187B-E04F-4E0A-8E9C-C1FA5FFDD8A6}.Debug|Any CPU.ActiveCfg = Debug|Any CPU
		{7D5B187B-E04F-4E0A-8E9C-C1FA5FFDD8A6}.Debug|Any CPU.Build.0 = Debug|Any CPU
		{7D5B187B-E04F-4E0A-8E9C-C1FA5FFDD8A6}.Release|Any CPU.ActiveCfg = Release|Any CPU
		{7D5B187B-E04F-4E0A-8E9C-C1FA5FFDD8A6}.Release|Any CPU.Build.0 = Release|Any CPU
	EndGlobalSection
	GlobalSection(SolutionProperties) = preSolution
		HideSolutionNode = FALSE
	EndGlobalSection
	GlobalSection(ExtensibilityGlobals) = postSolution
		SolutionGuid = {0AA8B651-16C1-43D6-8A81-7B63B20B4D33}
	EndGlobalSection
EndGlobal
